
Microsoft Visual Studio Solution File, Format Version 12.00
# Visual Studio Version 16
VisualStudioVersion = 16.0.30907.101
MinimumVisualStudioVersion = 10.0.40219.1
Project("{FAE04EC0-301F-11D3-BF4B-00C04F79EFBC}") = "Classes 3", "Classes 3\Classes 3.csproj", "{D4F526DA-E948-4DA8-AAD3-EE7E603ABECA}"
EndProject
Global
	GlobalSection(SolutionConfigurationPlatforms) = preSolution
		Debug|Any CPU = Debug|Any CPU
		Release|Any CPU = Release|Any CPU
	EndGlobalSection
	GlobalSection(ProjectConfigurationPlatforms) = postSolution
		{D4F526DA-E948-4DA8-AAD3-EE7E603ABECA}.Debug|Any CPU.ActiveCfg = Debug|Any CPU
		{D4F526DA-E948-4DA8-AAD3-EE7E603ABECA}.Debug|Any CPU.Build.0 = Debug|Any CPU
		{D4F526DA-E948-4DA8-AAD3-EE7E603ABECA}.Release|Any CPU.ActiveCfg = Release|Any CPU
		{D4F526DA-E948-4DA8-AAD3-EE7E603ABECA}.Release|Any CPU.Build.0 = Release|Any CPU
	EndGlobalSection
	GlobalSection(SolutionProperties) = preSolution
		HideSolutionNode = FALSE
	EndGlobalSection
	GlobalSection(ExtensibilityGlobals) = postSolution
		SolutionGuid = {E37C07C4-8252-4AFB-8313-3EEEE330B835}
	EndGlobalSection
EndGlobal
