
Microsoft Visual Studio Solution File, Format Version 12.00
# Visual Studio Version 16
VisualStudioVersion = 16.0.30907.101
MinimumVisualStudioVersion = 10.0.40219.1
Project("{FAE04EC0-301F-11D3-BF4B-00C04F79EFBC}") = "RickAndMorty", "RickAndMorty\RickAndMorty.csproj", "{19E57F95-0525-4601-8153-0AE59B57BD58}"
EndProject
Global
	GlobalSection(SolutionConfigurationPlatforms) = preSolution
		Debug|Any CPU = Debug|Any CPU
		Release|Any CPU = Release|Any CPU
	EndGlobalSection
	GlobalSection(ProjectConfigurationPlatforms) = postSolution
		{19E57F95-0525-4601-8153-0AE59B57BD58}.Debug|Any CPU.ActiveCfg = Debug|Any CPU
		{19E57F95-0525-4601-8153-0AE59B57BD58}.Debug|Any CPU.Build.0 = Debug|Any CPU
		{19E57F95-0525-4601-8153-0AE59B57BD58}.Release|Any CPU.ActiveCfg = Release|Any CPU
		{19E57F95-0525-4601-8153-0AE59B57BD58}.Release|Any CPU.Build.0 = Release|Any CPU
	EndGlobalSection
	GlobalSection(SolutionProperties) = preSolution
		HideSolutionNode = FALSE
	EndGlobalSection
	GlobalSection(ExtensibilityGlobals) = postSolution
		SolutionGuid = {1C27B0A6-1D11-44FB-85BE-366792636C60}
	EndGlobalSection
EndGlobal
